PODS:
  - abseil/algorithm (0.20190808):
    - abseil/algorithm/algorithm (= 0.20190808)
    - abseil/algorithm/container (= 0.20190808)
  - abseil/algorithm/algorithm (0.20190808)
  - abseil/algorithm/container (0.20190808):
    - abseil/algorithm/algorithm
    - abseil/base/core_headers
    - abseil/meta/type_traits
  - abseil/base (0.20190808):
    - abseil/base/atomic_hook (= 0.20190808)
    - abseil/base/base (= 0.20190808)
    - abseil/base/base_internal (= 0.20190808)
    - abseil/base/bits (= 0.20190808)
    - abseil/base/config (= 0.20190808)
    - abseil/base/core_headers (= 0.20190808)
    - abseil/base/dynamic_annotations (= 0.20190808)
    - abseil/base/endian (= 0.20190808)
    - abseil/base/log_severity (= 0.20190808)
    - abseil/base/malloc_internal (= 0.20190808)
    - abseil/base/pretty_function (= 0.20190808)
    - abseil/base/spinlock_wait (= 0.20190808)
    - abseil/base/throw_delegate (= 0.20190808)
  - abseil/base/atomic_hook (0.20190808)
  - abseil/base/base (0.20190808):
    - abseil/base/atomic_hook
    - abseil/base/base_internal
    - abseil/base/config
    - abseil/base/core_headers
    - abseil/base/dynamic_annotations
    - abseil/base/log_severity
    - abseil/base/spinlock_wait
    - abseil/meta/type_traits
  - abseil/base/base_internal (0.20190808):
    - abseil/meta/type_traits
  - abseil/base/bits (0.20190808):
    - abseil/base/core_headers
  - abseil/base/config (0.20190808)
  - abseil/base/core_headers (0.20190808):
    - abseil/base/config
  - abseil/base/dynamic_annotations (0.20190808)
  - abseil/base/endian (0.20190808):
    - abseil/base/config
    - abseil/base/core_headers
  - abseil/base/log_severity (0.20190808):
    - abseil/base/core_headers
  - abseil/base/malloc_internal (0.20190808):
    - abseil/base/base
    - abseil/base/config
    - abseil/base/core_headers
    - abseil/base/dynamic_annotations
    - abseil/base/spinlock_wait
  - abseil/base/pretty_function (0.20190808)
  - abseil/base/spinlock_wait (0.20190808):
    - abseil/base/core_headers
  - abseil/base/throw_delegate (0.20190808):
    - abseil/base/base
    - abseil/base/config
  - abseil/memory (0.20190808):
    - abseil/memory/memory (= 0.20190808)
  - abseil/memory/memory (0.20190808):
    - abseil/base/core_headers
    - abseil/meta/type_traits
  - abseil/meta (0.20190808):
    - abseil/meta/type_traits (= 0.20190808)
  - abseil/meta/type_traits (0.20190808):
    - abseil/base/config
  - abseil/numeric/int128 (0.20190808):
    - abseil/base/config
    - abseil/base/core_headers
  - abseil/strings/internal (0.20190808):
    - abseil/base/core_headers
    - abseil/base/endian
    - abseil/meta/type_traits
  - abseil/strings/strings (0.20190808):
    - abseil/base/base
    - abseil/base/bits
    - abseil/base/config
    - abseil/base/core_headers
    - abseil/base/endian
    - abseil/base/throw_delegate
    - abseil/memory/memory
    - abseil/meta/type_traits
    - abseil/numeric/int128
    - abseil/strings/internal
  - abseil/time (0.20190808):
    - abseil/time/internal (= 0.20190808)
    - abseil/time/time (= 0.20190808)
  - abseil/time/internal (0.20190808):
    - abseil/time/internal/cctz (= 0.20190808)
  - abseil/time/internal/cctz (0.20190808):
    - abseil/time/internal/cctz/civil_time (= 0.20190808)
    - abseil/time/internal/cctz/includes (= 0.20190808)
    - abseil/time/internal/cctz/time_zone (= 0.20190808)
  - abseil/time/internal/cctz/civil_time (0.20190808)
  - abseil/time/internal/cctz/includes (0.20190808)
  - abseil/time/internal/cctz/time_zone (0.20190808):
    - abseil/time/internal/cctz/civil_time
  - abseil/time/time (0.20190808):
    - abseil/base/base
    - abseil/base/core_headers
    - abseil/numeric/int128
    - abseil/strings/strings
    - abseil/time/internal/cctz/civil_time
    - abseil/time/internal/cctz/time_zone
  - abseil/types (0.20190808):
    - abseil/types/any (= 0.20190808)
    - abseil/types/bad_any_cast (= 0.20190808)
    - abseil/types/bad_any_cast_impl (= 0.20190808)
    - abseil/types/bad_optional_access (= 0.20190808)
    - abseil/types/bad_variant_access (= 0.20190808)
    - abseil/types/compare (= 0.20190808)
    - abseil/types/optional (= 0.20190808)
    - abseil/types/span (= 0.20190808)
    - abseil/types/variant (= 0.20190808)
  - abseil/types/any (0.20190808):
    - abseil/base/config
    - abseil/base/core_headers
    - abseil/meta/type_traits
    - abseil/types/bad_any_cast
    - abseil/utility/utility
  - abseil/types/bad_any_cast (0.20190808):
    - abseil/base/config
    - abseil/types/bad_any_cast_impl
  - abseil/types/bad_any_cast_impl (0.20190808):
    - abseil/base/base
    - abseil/base/config
  - abseil/types/bad_optional_access (0.20190808):
    - abseil/base/base
    - abseil/base/config
  - abseil/types/bad_variant_access (0.20190808):
    - abseil/base/base
    - abseil/base/config
  - abseil/types/compare (0.20190808):
    - abseil/base/core_headers
    - abseil/meta/type_traits
  - abseil/types/optional (0.20190808):
    - abseil/base/base_internal
    - abseil/base/config
    - abseil/base/core_headers
    - abseil/memory/memory
    - abseil/meta/type_traits
    - abseil/types/bad_optional_access
    - abseil/utility/utility
  - abseil/types/span (0.20190808):
    - abseil/algorithm/algorithm
    - abseil/base/core_headers
    - abseil/base/throw_delegate
    - abseil/meta/type_traits
  - abseil/types/variant (0.20190808):
    - abseil/base/base_internal
    - abseil/base/config
    - abseil/base/core_headers
    - abseil/meta/type_traits
    - abseil/types/bad_variant_access
    - abseil/utility/utility
  - abseil/utility/utility (0.20190808):
    - abseil/base/base_internal
    - abseil/base/config
    - abseil/meta/type_traits
  - AppAuth (1.4.0):
    - AppAuth/Core (= 1.4.0)
    - AppAuth/ExternalUserAgent (= 1.4.0)
  - AppAuth/Core (1.4.0)
  - AppAuth/ExternalUserAgent (1.4.0)
  - boost (1.76.0)
  - BoringSSL-GRPC (0.0.3):
    - BoringSSL-GRPC/Implementation (= 0.0.3)
    - BoringSSL-GRPC/Interface (= 0.0.3)
  - BoringSSL-GRPC/Implementation (0.0.3):
    - BoringSSL-GRPC/Interface (= 0.0.3)
  - BoringSSL-GRPC/Interface (0.0.3)
  - DoubleConversion (1.1.6)
  - EXAppleAuthentication (3.2.1):
    - UMCore
  - EXAV (9.2.3):
    - ExpoModulesCore
    - UMCore
  - EXConstants (11.0.2):
    - ExpoModulesCore
    - UMCore
  - EXErrorRecovery (2.2.0):
    - UMCore
  - EXFileSystem (11.1.3):
    - ExpoModulesCore
    - UMCore
  - EXFont (9.2.1):
    - ExpoModulesCore
    - UMCore
  - EXHaptics (10.1.0):
    - UMCore
  - EXImageLoader (2.2.0):
    - ExpoModulesCore
    - React-Core
    - UMCore
  - EXLinearGradient (9.2.0):
    - UMCore
  - ExpoModulesCore (0.2.0):
    - ExpoModulesCore/Core (= 0.2.0)
    - ExpoModulesCore/Interfaces (= 0.2.0)
    - UMCore
  - ExpoModulesCore/Core (0.2.0):
    - UMCore
  - ExpoModulesCore/Interfaces (0.2.0):
    - ExpoModulesCore/Core
    - UMCore
  - EXSharing (9.2.1):
    - ExpoModulesCore
    - UMCore
  - FBLazyVector (0.66.0)
  - FBReactNativeSpec (0.66.0):
    - RCT-Folly (= 2021.06.28.00-v2)
    - RCTRequired (= 0.66.0)
    - RCTTypeSafety (= 0.66.0)
    - React-Core (= 0.66.0)
    - React-jsi (= 0.66.0)
    - ReactCommon/turbomodule/core (= 0.66.0)
  - FBSDKCoreKit (5.8.0):
    - FBSDKCoreKit/Basics (= 5.8.0)
    - FBSDKCoreKit/Core (= 5.8.0)
  - FBSDKCoreKit/Basics (5.8.0)
  - FBSDKCoreKit/Core (5.8.0):
    - FBSDKCoreKit/Basics
  - FBSDKLoginKit (5.8.0):
    - FBSDKLoginKit/Login (= 5.8.0)
  - FBSDKLoginKit/Login (5.8.0):
    - FBSDKCoreKit (~> 5.0)
  - FBSDKShareKit (5.8.0):
    - FBSDKShareKit/Share (= 5.8.0)
  - FBSDKShareKit/Share (5.8.0):
    - FBSDKCoreKit (~> 5.0)
  - Firebase/Analytics (6.13.0):
    - Firebase/Core
  - Firebase/Auth (6.13.0):
    - Firebase/CoreOnly
    - FirebaseAuth (~> 6.4.0)
  - Firebase/Core (6.13.0):
    - Firebase/CoreOnly
    - FirebaseAnalytics (= 6.1.6)
  - Firebase/CoreOnly (6.13.0):
    - FirebaseCore (= 6.4.0)
  - Firebase/Firestore (6.13.0):
    - Firebase/CoreOnly
    - FirebaseFirestore (~> 1.8.0)
  - Firebase/Storage (6.13.0):
    - Firebase/CoreOnly
    - FirebaseStorage (~> 3.4.2)
  - FirebaseAnalytics (6.1.6):
    - FirebaseCore (~> 6.4)
    - FirebaseInstanceID (~> 4.2)
    - GoogleAppMeasurement (= 6.1.6)
    - GoogleUtilities/AppDelegateSwizzler (~> 6.0)
    - GoogleUtilities/MethodSwizzler (~> 6.0)
    - GoogleUtilities/Network (~> 6.0)
    - "GoogleUtilities/NSData+zlib (~> 6.0)"
    - nanopb (= 0.3.9011)
  - FirebaseAuth (6.4.2):
    - FirebaseAuthInterop (~> 1.0)
    - FirebaseCore (~> 6.2)
    - GoogleUtilities/AppDelegateSwizzler (~> 6.2)
    - GoogleUtilities/Environment (~> 6.2)
    - GTMSessionFetcher/Core (~> 1.1)
  - FirebaseAuthInterop (1.1.0)
  - FirebaseCore (6.4.0):
    - FirebaseCoreDiagnostics (~> 1.0)
    - FirebaseCoreDiagnosticsInterop (~> 1.0)
    - GoogleUtilities/Environment (~> 6.2)
    - GoogleUtilities/Logger (~> 6.2)
  - FirebaseCoreDiagnostics (1.2.4):
    - FirebaseCoreDiagnosticsInterop (~> 1.2)
    - GoogleDataTransportCCTSupport (~> 3.0)
    - GoogleUtilities/Environment (~> 6.5)
    - GoogleUtilities/Logger (~> 6.5)
    - nanopb (~> 0.3.901)
  - FirebaseCoreDiagnosticsInterop (1.2.0)
  - FirebaseFirestore (1.8.3):
    - abseil/algorithm (= 0.20190808)
    - abseil/base (= 0.20190808)
    - abseil/memory (= 0.20190808)
    - abseil/meta (= 0.20190808)
    - abseil/strings/strings (= 0.20190808)
    - abseil/time (= 0.20190808)
    - abseil/types (= 0.20190808)
    - FirebaseAuthInterop (~> 1.0)
    - FirebaseCore (~> 6.2)
    - "gRPC-C++ (= 0.0.9)"
    - leveldb-library (~> 1.22)
    - nanopb (~> 0.3.901)
  - FirebaseInstanceID (4.2.7):
    - FirebaseCore (~> 6.0)
    - GoogleUtilities/Environment (~> 6.0)
    - GoogleUtilities/UserDefaults (~> 6.0)
  - FirebaseStorage (3.4.3):
    - FirebaseAuthInterop (~> 1.0)
    - FirebaseCore (~> 6.0)
    - GTMSessionFetcher/Core (~> 1.1)
  - fmt (6.2.1)
  - glog (0.3.5)
  - GoogleAppMeasurement (6.1.6):
    - GoogleUtilities/AppDelegateSwizzler (~> 6.0)
    - GoogleUtilities/MethodSwizzler (~> 6.0)
    - GoogleUtilities/Network (~> 6.0)
    - "GoogleUtilities/NSData+zlib (~> 6.0)"
    - nanopb (= 0.3.9011)
  - GoogleDataTransport (6.2.1)
  - GoogleDataTransportCCTSupport (3.0.0):
    - GoogleDataTransport (~> 6.0)
    - nanopb (~> 0.3.901)
  - GoogleSignIn (5.0.2):
    - AppAuth (~> 1.2)
    - GTMAppAuth (~> 1.0)
    - GTMSessionFetcher/Core (~> 1.1)
  - GoogleUtilities/AppDelegateSwizzler (6.7.2):
    - GoogleUtilities/Environment
    - GoogleUtilities/Logger
    - GoogleUtilities/Network
  - GoogleUtilities/Environment (6.7.2):
    - PromisesObjC (~> 1.2)
  - GoogleUtilities/Logger (6.7.2):
    - GoogleUtilities/Environment
  - GoogleUtilities/MethodSwizzler (6.7.2):
    - GoogleUtilities/Logger
  - GoogleUtilities/Network (6.7.2):
    - GoogleUtilities/Logger
    - "GoogleUtilities/NSData+zlib"
    - GoogleUtilities/Reachability
  - "GoogleUtilities/NSData+zlib (6.7.2)"
  - GoogleUtilities/Reachability (6.7.2):
    - GoogleUtilities/Logger
  - GoogleUtilities/UserDefaults (6.7.2):
    - GoogleUtilities/Logger
  - "gRPC-C++ (0.0.9)":
    - "gRPC-C++/Implementation (= 0.0.9)"
    - "gRPC-C++/Interface (= 0.0.9)"
  - "gRPC-C++/Implementation (0.0.9)":
    - "gRPC-C++/Interface (= 0.0.9)"
    - gRPC-Core (= 1.21.0)
    - nanopb (~> 0.3)
  - "gRPC-C++/Interface (0.0.9)"
  - gRPC-Core (1.21.0):
    - gRPC-Core/Implementation (= 1.21.0)
    - gRPC-Core/Interface (= 1.21.0)
  - gRPC-Core/Implementation (1.21.0):
    - BoringSSL-GRPC (= 0.0.3)
    - gRPC-Core/Interface (= 1.21.0)
    - nanopb (~> 0.3)
  - gRPC-Core/Interface (1.21.0)
  - GTMAppAuth (1.2.2):
    - AppAuth/Core (~> 1.4)
    - GTMSessionFetcher/Core (~> 1.5)
  - GTMSessionFetcher/Core (1.7.0)
  - hermes-engine (0.9.0)
  - leveldb-library (1.22.1)
  - libevent (2.1.12)
  - libwebp (1.2.1):
    - libwebp/demux (= 1.2.1)
    - libwebp/mux (= 1.2.1)
    - libwebp/webp (= 1.2.1)
  - libwebp/demux (1.2.1):
    - libwebp/webp
  - libwebp/mux (1.2.1):
    - libwebp/demux
  - libwebp/webp (1.2.1)
  - lottie-ios (3.2.3)
  - lottie-react-native (4.1.3):
    - lottie-ios (~> 3.2.3)
    - React-Core
  - nanopb (0.3.9011):
    - nanopb/decode (= 0.3.9011)
    - nanopb/encode (= 0.3.9011)
  - nanopb/decode (0.3.9011)
  - nanopb/encode (0.3.9011)
  - PromisesObjC (1.2.12)
  - RCT-Folly (2021.06.28.00-v2):
    - boost
    - DoubleConversion
    - fmt (~> 6.2.1)
    - glog
    - RCT-Folly/Default (= 2021.06.28.00-v2)
  - RCT-Folly/Default (2021.06.28.00-v2):
    - boost
    - DoubleConversion
    - fmt (~> 6.2.1)
    - glog
  - RCT-Folly/Futures (2021.06.28.00-v2):
    - boost
    - DoubleConversion
    - fmt (~> 6.2.1)
    - glog
    - libevent
  - RCTRequired (0.66.0)
  - RCTTypeSafety (0.66.0):
    - FBLazyVector (= 0.66.0)
    - RCT-Folly (= 2021.06.28.00-v2)
    - RCTRequired (= 0.66.0)
    - React-Core (= 0.66.0)
  - React (0.66.0):
    - React-Core (= 0.66.0)
    - React-Core/DevSupport (= 0.66.0)
    - React-Core/RCTWebSocket (= 0.66.0)
    - React-RCTActionSheet (= 0.66.0)
    - React-RCTAnimation (= 0.66.0)
    - React-RCTBlob (= 0.66.0)
    - React-RCTImage (= 0.66.0)
    - React-RCTLinking (= 0.66.0)
    - React-RCTNetwork (= 0.66.0)
    - React-RCTSettings (= 0.66.0)
    - React-RCTText (= 0.66.0)
    - React-RCTVibration (= 0.66.0)
  - React-callinvoker (0.66.0)
  - React-Core (0.66.0):
    - glog
    - RCT-Folly (= 2021.06.28.00-v2)
    - React-Core/Default (= 0.66.0)
    - React-cxxreact (= 0.66.0)
    - React-jsi (= 0.66.0)
    - React-jsiexecutor (= 0.66.0)
    - React-perflogger (= 0.66.0)
    - Yoga
  - React-Core/CoreModulesHeaders (0.66.0):
    - glog
    - RCT-Folly (= 2021.06.28.00-v2)
    - React-Core/Default
    - React-cxxreact (= 0.66.0)
    - React-jsi (= 0.66.0)
    - React-jsiexecutor (= 0.66.0)
    - React-perflogger (= 0.66.0)
    - Yoga
  - React-Core/Default (0.66.0):
    - glog
    - RCT-Folly (= 2021.06.28.00-v2)
    - React-cxxreact (= 0.66.0)
    - React-jsi (= 0.66.0)
    - React-jsiexecutor (= 0.66.0)
    - React-perflogger (= 0.66.0)
    - Yoga
  - React-Core/DevSupport (0.66.0):
    - glog
    - RCT-Folly (= 2021.06.28.00-v2)
    - React-Core/Default (= 0.66.0)
    - React-Core/RCTWebSocket (= 0.66.0)
    - React-cxxreact (= 0.66.0)
    - React-jsi (= 0.66.0)
    - React-jsiexecutor (= 0.66.0)
    - React-jsinspector (= 0.66.0)
    - React-perflogger (= 0.66.0)
    - Yoga
  - React-Core/RCTActionSheetHeaders (0.66.0):
    - glog
    - RCT-Folly (= 2021.06.28.00-v2)
    - React-Core/Default
    - React-cxxreact (= 0.66.0)
    - React-jsi (= 0.66.0)
    - React-jsiexecutor (= 0.66.0)
    - React-perflogger (= 0.66.0)
    - Yoga
  - React-Core/RCTAnimationHeaders (0.66.0):
    - glog
    - RCT-Folly (= 2021.06.28.00-v2)
    - React-Core/Default
    - React-cxxreact (= 0.66.0)
    - React-jsi (= 0.66.0)
    - React-jsiexecutor (= 0.66.0)
    - React-perflogger (= 0.66.0)
    - Yoga
  - React-Core/RCTBlobHeaders (0.66.0):
    - glog
    - RCT-Folly (= 2021.06.28.00-v2)
    - React-Core/Default
    - React-cxxreact (= 0.66.0)
    - React-jsi (= 0.66.0)
    - React-jsiexecutor (= 0.66.0)
    - React-perflogger (= 0.66.0)
    - Yoga
  - React-Core/RCTImageHeaders (0.66.0):
    - glog
    - RCT-Folly (= 2021.06.28.00-v2)
    - React-Core/Default
    - React-cxxreact (= 0.66.0)
    - React-jsi (= 0.66.0)
    - React-jsiexecutor (= 0.66.0)
    - React-perflogger (= 0.66.0)
    - Yoga
  - React-Core/RCTLinkingHeaders (0.66.0):
    - glog
    - RCT-Folly (= 2021.06.28.00-v2)
    - React-Core/Default
    - React-cxxreact (= 0.66.0)
    - React-jsi (= 0.66.0)
    - React-jsiexecutor (= 0.66.0)
    - React-perflogger (= 0.66.0)
    - Yoga
  - React-Core/RCTNetworkHeaders (0.66.0):
    - glog
    - RCT-Folly (= 2021.06.28.00-v2)
    - React-Core/Default
    - React-cxxreact (= 0.66.0)
    - React-jsi (= 0.66.0)
    - React-jsiexecutor (= 0.66.0)
    - React-perflogger (= 0.66.0)
    - Yoga
  - React-Core/RCTSettingsHeaders (0.66.0):
    - glog
    - RCT-Folly (= 2021.06.28.00-v2)
    - React-Core/Default
    - React-cxxreact (= 0.66.0)
    - React-jsi (= 0.66.0)
    - React-jsiexecutor (= 0.66.0)
    - React-perflogger (= 0.66.0)
    - Yoga
  - React-Core/RCTTextHeaders (0.66.0):
    - glog
    - RCT-Folly (= 2021.06.28.00-v2)
    - React-Core/Default
    - React-cxxreact (= 0.66.0)
    - React-jsi (= 0.66.0)
    - React-jsiexecutor (= 0.66.0)
    - React-perflogger (= 0.66.0)
    - Yoga
  - React-Core/RCTVibrationHeaders (0.66.0):
    - glog
    - RCT-Folly (= 2021.06.28.00-v2)
    - React-Core/Default
    - React-cxxreact (= 0.66.0)
    - React-jsi (= 0.66.0)
    - React-jsiexecutor (= 0.66.0)
    - React-perflogger (= 0.66.0)
    - Yoga
  - React-Core/RCTWebSocket (0.66.0):
    - glog
    - RCT-Folly (= 2021.06.28.00-v2)
    - React-Core/Default (= 0.66.0)
    - React-cxxreact (= 0.66.0)
    - React-jsi (= 0.66.0)
    - React-jsiexecutor (= 0.66.0)
    - React-perflogger (= 0.66.0)
    - Yoga
  - React-CoreModules (0.66.0):
    - FBReactNativeSpec (= 0.66.0)
    - RCT-Folly (= 2021.06.28.00-v2)
    - RCTTypeSafety (= 0.66.0)
    - React-Core/CoreModulesHeaders (= 0.66.0)
    - React-jsi (= 0.66.0)
    - React-RCTImage (= 0.66.0)
    - ReactCommon/turbomodule/core (= 0.66.0)
  - React-cxxreact (0.66.0):
    - boost (= 1.76.0)
    - DoubleConversion
    - glog
    - RCT-Folly (= 2021.06.28.00-v2)
    - React-callinvoker (= 0.66.0)
    - React-jsi (= 0.66.0)
    - React-jsinspector (= 0.66.0)
    - React-logger (= 0.66.0)
    - React-perflogger (= 0.66.0)
    - React-runtimeexecutor (= 0.66.0)
  - React-hermes (0.66.0):
    - DoubleConversion
    - glog
    - hermes-engine
    - RCT-Folly (= 2021.06.28.00-v2)
    - RCT-Folly/Futures (= 2021.06.28.00-v2)
    - React-cxxreact (= 0.66.0)
    - React-jsi (= 0.66.0)
    - React-jsiexecutor (= 0.66.0)
    - React-jsinspector (= 0.66.0)
    - React-perflogger (= 0.66.0)
  - React-jsi (0.66.0):
    - boost (= 1.76.0)
    - DoubleConversion
    - glog
    - RCT-Folly (= 2021.06.28.00-v2)
    - React-jsi/Default (= 0.66.0)
  - React-jsi/Default (0.66.0):
    - boost (= 1.76.0)
    - DoubleConversion
    - glog
    - RCT-Folly (= 2021.06.28.00-v2)
  - React-jsiexecutor (0.66.0):
    - DoubleConversion
    - glog
    - RCT-Folly (= 2021.06.28.00-v2)
    - React-cxxreact (= 0.66.0)
    - React-jsi (= 0.66.0)
    - React-perflogger (= 0.66.0)
  - React-jsinspector (0.66.0)
  - React-logger (0.66.0):
    - glog
  - react-native-fbsdk (1.1.2):
    - React
    - react-native-fbsdk/Core (= 1.1.2)
    - react-native-fbsdk/Login (= 1.1.2)
    - react-native-fbsdk/Share (= 1.1.2)
  - react-native-fbsdk/Core (1.1.2):
    - FBSDKCoreKit (= 5.8)
    - React
  - react-native-fbsdk/Login (1.1.2):
    - FBSDKLoginKit (= 5.8)
    - React
  - react-native-fbsdk/Share (1.1.2):
    - FBSDKShareKit (= 5.8)
    - React
  - react-native-netinfo (5.9.10):
    - React-Core
  - react-native-notifications (3.5.0):
    - React-Core
  - react-native-restart (0.0.17):
    - React
  - react-native-sqlite-storage (4.1.0):
    - React
  - react-native-webview (11.14.0):
    - React-Core
  - React-perflogger (0.66.0)
  - React-RCTActionSheet (0.66.0):
    - React-Core/RCTActionSheetHeaders (= 0.66.0)
  - React-RCTAnimation (0.66.0):
    - FBReactNativeSpec (= 0.66.0)
    - RCT-Folly (= 2021.06.28.00-v2)
    - RCTTypeSafety (= 0.66.0)
    - React-Core/RCTAnimationHeaders (= 0.66.0)
    - React-jsi (= 0.66.0)
    - ReactCommon/turbomodule/core (= 0.66.0)
  - React-RCTBlob (0.66.0):
    - FBReactNativeSpec (= 0.66.0)
    - RCT-Folly (= 2021.06.28.00-v2)
    - React-Core/RCTBlobHeaders (= 0.66.0)
    - React-Core/RCTWebSocket (= 0.66.0)
    - React-jsi (= 0.66.0)
    - React-RCTNetwork (= 0.66.0)
    - ReactCommon/turbomodule/core (= 0.66.0)
  - React-RCTImage (0.66.0):
    - FBReactNativeSpec (= 0.66.0)
    - RCT-Folly (= 2021.06.28.00-v2)
    - RCTTypeSafety (= 0.66.0)
    - React-Core/RCTImageHeaders (= 0.66.0)
    - React-jsi (= 0.66.0)
    - React-RCTNetwork (= 0.66.0)
    - ReactCommon/turbomodule/core (= 0.66.0)
  - React-RCTLinking (0.66.0):
    - FBReactNativeSpec (= 0.66.0)
    - React-Core/RCTLinkingHeaders (= 0.66.0)
    - React-jsi (= 0.66.0)
    - ReactCommon/turbomodule/core (= 0.66.0)
  - React-RCTNetwork (0.66.0):
    - FBReactNativeSpec (= 0.66.0)
    - RCT-Folly (= 2021.06.28.00-v2)
    - RCTTypeSafety (= 0.66.0)
    - React-Core/RCTNetworkHeaders (= 0.66.0)
    - React-jsi (= 0.66.0)
    - ReactCommon/turbomodule/core (= 0.66.0)
  - React-RCTSettings (0.66.0):
    - FBReactNativeSpec (= 0.66.0)
    - RCT-Folly (= 2021.06.28.00-v2)
    - RCTTypeSafety (= 0.66.0)
    - React-Core/RCTSettingsHeaders (= 0.66.0)
    - React-jsi (= 0.66.0)
    - ReactCommon/turbomodule/core (= 0.66.0)
  - React-RCTText (0.66.0):
    - React-Core/RCTTextHeaders (= 0.66.0)
  - React-RCTVibration (0.66.0):
    - FBReactNativeSpec (= 0.66.0)
    - RCT-Folly (= 2021.06.28.00-v2)
    - React-Core/RCTVibrationHeaders (= 0.66.0)
    - React-jsi (= 0.66.0)
    - ReactCommon/turbomodule/core (= 0.66.0)
  - React-runtimeexecutor (0.66.0):
    - React-jsi (= 0.66.0)
  - ReactCommon/turbomodule/core (0.66.0):
    - DoubleConversion
    - glog
    - RCT-Folly (= 2021.06.28.00-v2)
    - React-callinvoker (= 0.66.0)
    - React-Core (= 0.66.0)
    - React-cxxreact (= 0.66.0)
    - React-jsi (= 0.66.0)
    - React-logger (= 0.66.0)
    - React-perflogger (= 0.66.0)
  - ReactNativeART (1.2.0):
    - React
  - rn-fetch-blob (0.12.0):
    - React-Core
  - RNAppleAuthentication (0.2.0):
    - React
  - RNCAsyncStorage (1.12.1):
    - React-Core
  - RNCClipboard (1.5.1):
    - React-Core
  - RNCMaskedView (0.1.11):
    - React
  - RNCPushNotificationIOS (1.10.1):
    - React-Core
  - RNDateTimePicker (2.6.2):
    - React
  - RNFastImage (8.5.11):
    - React-Core
    - SDWebImage (~> 5.11.1)
    - SDWebImageWebPCoder (~> 0.8.4)
  - RNFBAnalytics (6.7.2):
    - Firebase/Analytics (~> 6.13.0)
    - Firebase/Core (~> 6.13.0)
    - React
    - RNFBApp
  - RNFBApp (6.7.1):
    - Firebase/Core (~> 6.13.0)
    - React
  - RNFBAuth (6.7.1):
    - Firebase/Auth (~> 6.13.0)
    - Firebase/Core (~> 6.13.0)
    - React
    - RNFBApp
  - RNFBFirestore (6.7.1):
    - Firebase/Core (~> 6.13.0)
    - Firebase/Firestore (~> 6.13.0)
    - React
    - RNFBApp
  - RNFBStorage (6.3.4):
    - Firebase/Core (~> 6.13.0)
    - Firebase/Storage (~> 6.13.0)
    - React
    - RNFBApp
  - RNFS (2.18.0):
    - React
  - RNGestureHandler (1.10.3):
    - React-Core
  - RNGoogleSignin (3.0.4):
    - GoogleSignIn (~> 5.0.0)
    - React
  - RNIap (5.1.3):
    - React-Core
  - RNLocalize (1.4.3):
    - React-Core
  - RNReanimated (1.13.3):
    - React-Core
  - RNScreens (2.18.1):
    - React-Core
  - RNSentry (3.1.1):
    - React-Core
    - Sentry (= 7.3.0)
  - RNSVG (9.13.3):
    - React
  - RNZipArchive (5.0.6):
    - React
    - RNZipArchive/Core (= 5.0.6)
    - SSZipArchive (= 2.2.2)
  - RNZipArchive/Core (5.0.6):
    - React
    - SSZipArchive (= 2.2.2)
  - SDWebImage (5.11.1):
    - SDWebImage/Core (= 5.11.1)
  - SDWebImage/Core (5.11.1)
  - SDWebImageWebPCoder (0.8.4):
    - libwebp (~> 1.0)
    - SDWebImage/Core (~> 5.10)
  - Sentry (7.3.0):
    - Sentry/Core (= 7.3.0)
  - Sentry/Core (7.3.0)
  - SSZipArchive (2.2.2)
  - UMAppLoader (2.2.0)
  - UMCore (7.1.2)
  - UMReactNativeAdapter (6.3.9):
    - ExpoModulesCore
    - React-Core
    - UMCore
  - UMTaskManagerInterface (6.2.0):
    - UMCore
  - Yoga (1.14.0)

DEPENDENCIES:
  - boost (from `../node_modules/react-native/third-party-podspecs/boost.podspec`)
  - DoubleConversion (from `../node_modules/react-native/third-party-podspecs/DoubleConversion.podspec`)
  - EXAppleAuthentication (from `../node_modules/expo-apple-authentication/ios`)
  - EXAV (from `../node_modules/expo-av/ios`)
  - EXConstants (from `../node_modules/react-native-unimodules/node_modules/expo-constants/ios`)
  - EXErrorRecovery (from `../node_modules/expo-error-recovery/ios`)
  - EXFileSystem (from `../node_modules/expo-file-system/ios`)
  - EXFont (from `../node_modules/expo-font/ios`)
  - EXHaptics (from `../node_modules/expo-haptics/ios`)
  - EXImageLoader (from `../node_modules/expo-image-loader/ios`)
  - EXLinearGradient (from `../node_modules/expo-linear-gradient/ios`)
  - ExpoModulesCore (from `../node_modules/expo-modules-core/ios`)
  - EXSharing (from `../node_modules/expo-sharing/ios`)
  - FBLazyVector (from `../node_modules/react-native/Libraries/FBLazyVector`)
  - FBReactNativeSpec (from `../node_modules/react-native/React/FBReactNativeSpec`)
  - glog (from `../node_modules/react-native/third-party-podspecs/glog.podspec`)
  - hermes-engine (~> 0.9.0)
  - libevent (~> 2.1.12)
  - lottie-ios (from `../node_modules/lottie-ios`)
  - lottie-react-native (from `../node_modules/lottie-react-native`)
  - RCT-Folly (from `../node_modules/react-native/third-party-podspecs/RCT-Folly.podspec`)
  - RCTRequired (from `../node_modules/react-native/Libraries/RCTRequired`)
  - RCTTypeSafety (from `../node_modules/react-native/Libraries/TypeSafety`)
  - React (from `../node_modules/react-native/`)
  - React-callinvoker (from `../node_modules/react-native/ReactCommon/callinvoker`)
  - React-Core (from `../node_modules/react-native/`)
  - React-Core/DevSupport (from `../node_modules/react-native/`)
  - React-Core/RCTWebSocket (from `../node_modules/react-native/`)
  - React-CoreModules (from `../node_modules/react-native/React/CoreModules`)
  - React-cxxreact (from `../node_modules/react-native/ReactCommon/cxxreact`)
  - React-hermes (from `../node_modules/react-native/ReactCommon/hermes`)
  - React-jsi (from `../node_modules/react-native/ReactCommon/jsi`)
  - React-jsiexecutor (from `../node_modules/react-native/ReactCommon/jsiexecutor`)
  - React-jsinspector (from `../node_modules/react-native/ReactCommon/jsinspector`)
  - React-logger (from `../node_modules/react-native/ReactCommon/logger`)
  - react-native-fbsdk (from `../node_modules/react-native-fbsdk`)
  - "react-native-netinfo (from `../node_modules/@react-native-community/netinfo`)"
  - react-native-notifications (from `../node_modules/react-native-notifications`)
  - react-native-restart (from `../node_modules/react-native-restart`)
  - react-native-sqlite-storage (from `../node_modules/react-native-sqlite-storage`)
  - react-native-webview (from `../node_modules/react-native-webview`)
  - React-perflogger (from `../node_modules/react-native/ReactCommon/reactperflogger`)
  - React-RCTActionSheet (from `../node_modules/react-native/Libraries/ActionSheetIOS`)
  - React-RCTAnimation (from `../node_modules/react-native/Libraries/NativeAnimation`)
  - React-RCTBlob (from `../node_modules/react-native/Libraries/Blob`)
  - React-RCTImage (from `../node_modules/react-native/Libraries/Image`)
  - React-RCTLinking (from `../node_modules/react-native/Libraries/LinkingIOS`)
  - React-RCTNetwork (from `../node_modules/react-native/Libraries/Network`)
  - React-RCTSettings (from `../node_modules/react-native/Libraries/Settings`)
  - React-RCTText (from `../node_modules/react-native/Libraries/Text`)
  - React-RCTVibration (from `../node_modules/react-native/Libraries/Vibration`)
  - React-runtimeexecutor (from `../node_modules/react-native/ReactCommon/runtimeexecutor`)
  - ReactCommon/turbomodule/core (from `../node_modules/react-native/ReactCommon`)
  - "ReactNativeART (from `../node_modules/@react-native-community/art`)"
  - rn-fetch-blob (from `../node_modules/rn-fetch-blob`)
  - "RNAppleAuthentication (from `../node_modules/@invertase/react-native-apple-authentication`)"
  - "RNCAsyncStorage (from `../node_modules/@react-native-community/async-storage`)"
  - "RNCClipboard (from `../node_modules/@react-native-community/clipboard`)"
  - "RNCMaskedView (from `../node_modules/@react-native-community/masked-view`)"
  - "RNCPushNotificationIOS (from `../node_modules/@react-native-community/push-notification-ios`)"
  - "RNDateTimePicker (from `../node_modules/@react-native-community/datetimepicker`)"
  - RNFastImage (from `../node_modules/react-native-fast-image`)
  - "RNFBAnalytics (from `../node_modules/@react-native-firebase/analytics`)"
  - "RNFBApp (from `../node_modules/@react-native-firebase/app`)"
  - "RNFBAuth (from `../node_modules/@react-native-firebase/auth`)"
  - "RNFBFirestore (from `../node_modules/@react-native-firebase/firestore`)"
  - "RNFBStorage (from `../node_modules/@react-native-firebase/storage`)"
  - RNFS (from `../node_modules/react-native-fs`)
  - RNGestureHandler (from `../node_modules/react-native-gesture-handler`)
  - "RNGoogleSignin (from `../node_modules/@react-native-community/google-signin`)"
  - RNIap (from `../node_modules/react-native-iap`)
  - RNLocalize (from `../node_modules/react-native-localize`)
  - RNReanimated (from `../node_modules/react-native-reanimated`)
  - RNScreens (from `../node_modules/react-native-screens`)
  - "RNSentry (from `../node_modules/@sentry/react-native`)"
  - RNSVG (from `../node_modules/react-native-svg`)
  - RNZipArchive (from `../node_modules/react-native-zip-archive`)
  - UMAppLoader (from `../node_modules/unimodules-app-loader/ios`)
  - "UMCore (from `../node_modules/@unimodules/core/ios`)"
  - "UMReactNativeAdapter (from `../node_modules/@unimodules/react-native-adapter/ios`)"
  - UMTaskManagerInterface (from `../node_modules/unimodules-task-manager-interface/ios`)
  - Yoga (from `../node_modules/react-native/ReactCommon/yoga`)

SPEC REPOS:
  trunk:
    - abseil
    - AppAuth
    - BoringSSL-GRPC
    - FBSDKCoreKit
    - FBSDKLoginKit
    - FBSDKShareKit
    - Firebase
    - FirebaseAnalytics
    - FirebaseAuth
    - FirebaseAuthInterop
    - FirebaseCore
    - FirebaseCoreDiagnostics
    - FirebaseCoreDiagnosticsInterop
    - FirebaseFirestore
    - FirebaseInstanceID
    - FirebaseStorage
    - fmt
    - GoogleAppMeasurement
    - GoogleDataTransport
    - GoogleDataTransportCCTSupport
    - GoogleSignIn
    - GoogleUtilities
    - "gRPC-C++"
    - gRPC-Core
    - GTMAppAuth
    - GTMSessionFetcher
    - hermes-engine
    - leveldb-library
    - libevent
    - libwebp
    - nanopb
    - PromisesObjC
    - SDWebImage
    - SDWebImageWebPCoder
    - Sentry
    - SSZipArchive

EXTERNAL SOURCES:
  boost:
    :podspec: "../node_modules/react-native/third-party-podspecs/boost.podspec"
  DoubleConversion:
    :podspec: "../node_modules/react-native/third-party-podspecs/DoubleConversion.podspec"
  EXAppleAuthentication:
    :path: "../node_modules/expo-apple-authentication/ios"
  EXAV:
    :path: "../node_modules/expo-av/ios"
  EXConstants:
    :path: "../node_modules/react-native-unimodules/node_modules/expo-constants/ios"
  EXErrorRecovery:
    :path: "../node_modules/expo-error-recovery/ios"
  EXFileSystem:
    :path: "../node_modules/expo-file-system/ios"
  EXFont:
    :path: "../node_modules/expo-font/ios"
  EXHaptics:
    :path: "../node_modules/expo-haptics/ios"
  EXImageLoader:
    :path: "../node_modules/expo-image-loader/ios"
  EXLinearGradient:
    :path: "../node_modules/expo-linear-gradient/ios"
  ExpoModulesCore:
    :path: "../node_modules/expo-modules-core/ios"
  EXSharing:
    :path: "../node_modules/expo-sharing/ios"
  FBLazyVector:
    :path: "../node_modules/react-native/Libraries/FBLazyVector"
  FBReactNativeSpec:
    :path: "../node_modules/react-native/React/FBReactNativeSpec"
  glog:
    :podspec: "../node_modules/react-native/third-party-podspecs/glog.podspec"
  lottie-ios:
    :path: "../node_modules/lottie-ios"
  lottie-react-native:
    :path: "../node_modules/lottie-react-native"
  RCT-Folly:
    :podspec: "../node_modules/react-native/third-party-podspecs/RCT-Folly.podspec"
  RCTRequired:
    :path: "../node_modules/react-native/Libraries/RCTRequired"
  RCTTypeSafety:
    :path: "../node_modules/react-native/Libraries/TypeSafety"
  React:
    :path: "../node_modules/react-native/"
  React-callinvoker:
    :path: "../node_modules/react-native/ReactCommon/callinvoker"
  React-Core:
    :path: "../node_modules/react-native/"
  React-CoreModules:
    :path: "../node_modules/react-native/React/CoreModules"
  React-cxxreact:
    :path: "../node_modules/react-native/ReactCommon/cxxreact"
  React-hermes:
    :path: "../node_modules/react-native/ReactCommon/hermes"
  React-jsi:
    :path: "../node_modules/react-native/ReactCommon/jsi"
  React-jsiexecutor:
    :path: "../node_modules/react-native/ReactCommon/jsiexecutor"
  React-jsinspector:
    :path: "../node_modules/react-native/ReactCommon/jsinspector"
  React-logger:
    :path: "../node_modules/react-native/ReactCommon/logger"
  react-native-fbsdk:
    :path: "../node_modules/react-native-fbsdk"
  react-native-netinfo:
    :path: "../node_modules/@react-native-community/netinfo"
  react-native-notifications:
    :path: "../node_modules/react-native-notifications"
  react-native-restart:
    :path: "../node_modules/react-native-restart"
  react-native-sqlite-storage:
    :path: "../node_modules/react-native-sqlite-storage"
  react-native-webview:
    :path: "../node_modules/react-native-webview"
  React-perflogger:
    :path: "../node_modules/react-native/ReactCommon/reactperflogger"
  React-RCTActionSheet:
    :path: "../node_modules/react-native/Libraries/ActionSheetIOS"
  React-RCTAnimation:
    :path: "../node_modules/react-native/Libraries/NativeAnimation"
  React-RCTBlob:
    :path: "../node_modules/react-native/Libraries/Blob"
  React-RCTImage:
    :path: "../node_modules/react-native/Libraries/Image"
  React-RCTLinking:
    :path: "../node_modules/react-native/Libraries/LinkingIOS"
  React-RCTNetwork:
    :path: "../node_modules/react-native/Libraries/Network"
  React-RCTSettings:
    :path: "../node_modules/react-native/Libraries/Settings"
  React-RCTText:
    :path: "../node_modules/react-native/Libraries/Text"
  React-RCTVibration:
    :path: "../node_modules/react-native/Libraries/Vibration"
  React-runtimeexecutor:
    :path: "../node_modules/react-native/ReactCommon/runtimeexecutor"
  ReactCommon:
    :path: "../node_modules/react-native/ReactCommon"
  ReactNativeART:
    :path: "../node_modules/@react-native-community/art"
  rn-fetch-blob:
    :path: "../node_modules/rn-fetch-blob"
  RNAppleAuthentication:
    :path: "../node_modules/@invertase/react-native-apple-authentication"
  RNCAsyncStorage:
    :path: "../node_modules/@react-native-community/async-storage"
  RNCClipboard:
    :path: "../node_modules/@react-native-community/clipboard"
  RNCMaskedView:
    :path: "../node_modules/@react-native-community/masked-view"
  RNCPushNotificationIOS:
    :path: "../node_modules/@react-native-community/push-notification-ios"
  RNDateTimePicker:
    :path: "../node_modules/@react-native-community/datetimepicker"
  RNFastImage:
    :path: "../node_modules/react-native-fast-image"
  RNFBAnalytics:
    :path: "../node_modules/@react-native-firebase/analytics"
  RNFBApp:
    :path: "../node_modules/@react-native-firebase/app"
  RNFBAuth:
    :path: "../node_modules/@react-native-firebase/auth"
  RNFBFirestore:
    :path: "../node_modules/@react-native-firebase/firestore"
  RNFBStorage:
    :path: "../node_modules/@react-native-firebase/storage"
  RNFS:
    :path: "../node_modules/react-native-fs"
  RNGestureHandler:
    :path: "../node_modules/react-native-gesture-handler"
  RNGoogleSignin:
    :path: "../node_modules/@react-native-community/google-signin"
  RNIap:
    :path: "../node_modules/react-native-iap"
  RNLocalize:
    :path: "../node_modules/react-native-localize"
  RNReanimated:
    :path: "../node_modules/react-native-reanimated"
  RNScreens:
    :path: "../node_modules/react-native-screens"
  RNSentry:
    :path: "../node_modules/@sentry/react-native"
  RNSVG:
    :path: "../node_modules/react-native-svg"
  RNZipArchive:
    :path: "../node_modules/react-native-zip-archive"
  UMAppLoader:
    :path: "../node_modules/unimodules-app-loader/ios"
  UMCore:
    :path: "../node_modules/@unimodules/core/ios"
  UMReactNativeAdapter:
    :path: "../node_modules/@unimodules/react-native-adapter/ios"
  UMTaskManagerInterface:
    :path: "../node_modules/unimodules-task-manager-interface/ios"
  Yoga:
    :path: "../node_modules/react-native/ReactCommon/yoga"

SPEC CHECKSUMS:
  abseil: 18063d773f5366ff8736a050fe035a28f635fd27
  AppAuth: 31bcec809a638d7bd2f86ea8a52bd45f6e81e7c7
  boost: a7c83b31436843459a1961bfd74b96033dc77234
  BoringSSL-GRPC: db8764df3204ccea016e1c8dd15d9a9ad63ff318
  DoubleConversion: 831926d9b8bf8166fd87886c4abab286c2422662
  EXAppleAuthentication: e8c537fcbe80670dd76fde7a07acb94af70ada00
  EXAV: 67bcc1d0afeb1fab854b206c84b9f2afbd61d0cd
  EXConstants: 4cb52b6d8f636c767104a44bf7db3873e9c01a6f
  EXErrorRecovery: 404d827bc7d42f306c062d58a60b06afc4d082b3
  EXFileSystem: 0a04aba8da751b9ac954065911bcf166503f8267
  EXFont: 9846ba1bb6f5f5aed44e20eea3ac70693323832d
  EXHaptics: 6dc4307ab0794fe7a87ec8d7d1c299cf103d6cb3
  EXImageLoader: d3531a3fe530b22925c19977cb53bb43e3821fe6
  EXLinearGradient: f9ea3259f096b27008860ca50764184225dc71c9
  ExpoModulesCore: 2734852616127a6c1fc23012197890a6f3763dc7
  EXSharing: 567f4b9f38a5266ec2f51973e2efe3b4aaf0bf69
  FBLazyVector: 6816ca39e1cc8beffd2a96783f518296789d1c48
  FBReactNativeSpec: 3b1e86618e902743fde35b40cf9ebd100fd655b7
  FBSDKCoreKit: e7dcac0aabcfb09d0166998edd95fe3b05a0ce5d
  FBSDKLoginKit: 1b0cf04df0370b37404213157b060d6666ede814
  FBSDKShareKit: abc29e1bb4f9f59f679adf1ae191006d68455f96
  Firebase: 458d109512200d1aca2e1b9b6cf7d68a869a4a46
  FirebaseAnalytics: 45f36d9c429fc91d206283900ab75390cd05ee8a
  FirebaseAuth: ce45d7c5d46bed90159f3a73b6efbe8976ed3573
  FirebaseAuthInterop: a0f37ae05833af156e72028f648d313f7e7592e9
  FirebaseCore: 307ea2508df730c5865334e41965bd9ea344b0e5
  FirebaseCoreDiagnostics: b59c024493a409f8aecba02c99928d0d8431d159
  FirebaseCoreDiagnosticsInterop: 296e2c5f5314500a850ad0b83e9e7c10b011a850
  FirebaseFirestore: 52120e2833f804a874ba1a9f59aab864a8ae2286
  FirebaseInstanceID: ebd2ea79ee38db0cb5f5167b17a0d387e1cc7b6e
  FirebaseStorage: 93fe2f8190a01bfb2b2c4932df7d679744c4ef1d
  fmt: ff9d55029c625d3757ed641535fd4a75fedc7ce9
  glog: 5337263514dd6f09803962437687240c5dc39aa4
  GoogleAppMeasurement: dfe55efa543e899d906309eaaac6ca26d249862f
  GoogleDataTransport: 9a8a16f79feffc7f42096743de2a7c4815e84020
  GoogleDataTransportCCTSupport: 0f39025e8cf51f168711bd3fb773938d7e62ddb5
  GoogleSignIn: 7137d297ddc022a7e0aa4619c86d72c909fa7213
  GoogleUtilities: 7f2f5a07f888cdb145101d6042bc4422f57e70b3
  "gRPC-C++": 9dfe7b44821e7b3e44aacad2af29d2c21f7cde83
  gRPC-Core: c9aef9a261a1247e881b18059b84d597293c9947
  GTMAppAuth: ad5c2b70b9a8689e1a04033c9369c4915bfcbe89
  GTMSessionFetcher: 43748f93435c2aa068b1cbe39655aaf600652e91
  hermes-engine: bf7577d12ac6ccf53ab8b5af3c6ccf0dd8458c5c
  leveldb-library: 50c7b45cbd7bf543c81a468fe557a16ae3db8729
  libevent: 4049cae6c81cdb3654a443be001fb9bdceff7913
  libwebp: 98a37e597e40bfdb4c911fc98f2c53d0b12d05fc
  lottie-ios: c058aeafa76daa4cf64d773554bccc8385d0150e
  lottie-react-native: b561920bba7ec727ec94a473b683cffba00faece
  nanopb: 18003b5e52dab79db540fe93fe9579f399bd1ccd
  PromisesObjC: 3113f7f76903778cf4a0586bd1ab89329a0b7b97
  RCT-Folly: a21c126816d8025b547704b777a2ba552f3d9fa9
  RCTRequired: e4a18a90004e0ed97bba9081099104fd0f658dc9
  RCTTypeSafety: 8a3c31d38de58e1a6a7df6e4e643644a60b00e22
  React: 2b1d0dc3c23e01b754588a74a5b265282d9eb61e
  React-callinvoker: 57c195e780695285fa56e61efdbc0ca0e9204484
  React-Core: 45e4b3c57b0b5fdbb24bc6a63a964870c0405955
  React-CoreModules: d7bb1ae3436eddd85a7eb6d5e928f8c1655d87db
  React-cxxreact: 60c850e9997b21ee302757c36a460efc944183e7
  React-hermes: 80f8b14e571f240370dc55c2133783ee58f8e932
  React-jsi: 38d68cb1b53843703100830d530342b32f8e0878
  React-jsiexecutor: 6a05173dc0142abc582bd4edd2d23146b8cc218a
  React-jsinspector: be95ad424ba9f7b817aff22732eb9b1b810a000a
  React-logger: 9a9cd87d4ea681ae929b32ef580638ff1b50fb24
  react-native-fbsdk: c35d42169e64aaf66f01713c1e18d0674f7f6519
  react-native-netinfo: 30fb89fa913c342be82a887b56e96be6d71201dd
  react-native-notifications: 89a73cd2cd2648e1734fa10e3507681c9e4f14de
  react-native-restart: d19a0f8d053d065fe64cd2baebb6487111c77149
  react-native-sqlite-storage: f06bfba10f67f989c00b6a699b9c2b80a816edbe
  react-native-webview: d70bc760daaa0e2667dec569b93014882565819c
  React-perflogger: 1f554c2b684e2f484f9edcdfdaeedab039fbaca8
  React-RCTActionSheet: 610d5a5d71ab4808734782c8bca6a12ec3563672
  React-RCTAnimation: ec6ed97370ace32724c253f29f0586cafcab8126
  React-RCTBlob: b3270d498ff240f49c50e1bc950b6e5fd48886ba
  React-RCTImage: 23d5e26669b31230bea3fd99eb703af699e5d61a
  React-RCTLinking: edaaee9dee82b79e90e7b903d8913fa72284fbba
  React-RCTNetwork: e8825053dd1b5c2a0e1aa3cf1127750b624f90c0
  React-RCTSettings: 40d7ae987031c5dc561d11cd3a15cc1245a11d42
  React-RCTText: 6e104479d4f0bb593b4cf90b6fc6e5390c12ccde
  React-RCTVibration: 53b92d54b923283638cb0186da7a5c2d2b70a49b
  React-runtimeexecutor: 4bb657a97aa74568d9ed634c8bd478299bb8a3a6
  ReactCommon: eb059748e842a1a86025ebbd4ac9d99e74492f88
  ReactNativeART: 78edc68dd4a1e675338cd0cd113319cf3a65f2ab
  rn-fetch-blob: f065bb7ab7fb48dd002629f8bdcb0336602d3cba
  RNAppleAuthentication: e875711ddda0361c2b7fca28fb6c64cdd94f7968
  RNCAsyncStorage: b03032fdbdb725bea0bd9e5ec5a7272865ae7398
  RNCClipboard: 41d8d918092ae8e676f18adada19104fa3e68495
  RNCMaskedView: 0e1bc4bfa8365eba5fbbb71e07fbdc0555249489
  RNCPushNotificationIOS: 87b8d16d3ede4532745e05b03c42cff33a36cc45
  RNDateTimePicker: 968ccf716b3b6aee07849641966005924de5c0f9
  RNFastImage: 1f2cab428712a4baaf78d6169eaec7f622556dd7
  RNFBAnalytics: 29bc4baf70da8dc04238d2e1c050367264d2f440
  RNFBApp: 7b539bb25520fa73d6a240f5c6ea569e27683645
  RNFBAuth: c292603069a09065a1b4d3336148beff83e4c897
  RNFBFirestore: 23757ad7c33d81587a5d7d7d77f3ea22a1103372
  RNFBStorage: 3628afb1f3dd0b3395fc15c95967b9f080897aec
  RNFS: 3ab21fa6c56d65566d1fb26c2228e2b6132e5e32
  RNGestureHandler: a479ebd5ed4221a810967000735517df0d2db211
  RNGoogleSignin: a00f87261ea13df9a5cea8deafa6927d6f2c3562
  RNIap: 3569bc87ca2aea8dc514608d9e88a6ffb274a7ef
  RNLocalize: 7c7aeda16c01db7a0918981c14875c0a53be9b79
  RNReanimated: 514a11da3a2bcc6c3dfd9de32b38e2b9bf101926
  RNScreens: f7ad633b2e0190b77b6a7aab7f914fad6f198d8d
  RNSentry: 49abc89b0190b4c8afe0fa5d065f98e36cb53233
  RNSVG: f6177f8d7c095fada7cfee2e4bb7388ba426064c
  RNZipArchive: 9dfdaa1d1ad49a423e83df505f292e0ae8126a5d
  SDWebImage: a7f831e1a65eb5e285e3fb046a23fcfbf08e696d
  SDWebImageWebPCoder: f93010f3f6c031e2f8fb3081ca4ee6966c539815
  Sentry: 9a4e621430e2dae4477d791f2f7e905720b6efbf
  SSZipArchive: fa16b8cc4cdeceb698e5e5d9f67e9558532fbf23
  UMAppLoader: 21af63390e55c82e037fb9752d93114a80ecf16e
  UMCore: ce3a4faa010239063b8343895b29a6d97b01069d
  UMReactNativeAdapter: d03cefd0e4e4179ab8c490408589f1c8a6c8b785
  UMTaskManagerInterface: 2be431101b73604e64fbfffcf759336f9d8fccbb
  Yoga: c11abbf5809216c91fcd62f5571078b83d9b6720

PODFILE CHECKSUM: 23b6cf6a8bf2992879d2f11eb09d65f477403465

COCOAPODS: 1.11.2
